
Microsoft Visual Studio Solution File, Format Version 12.00
# Visual Studio Version 16
VisualStudioVersion = 16.0.30907.101
MinimumVisualStudioVersion = 10.0.40219.1
Project("{9A19103F-16F7-4668-BE54-9A1E7A4F7556}") = "ExerciseMethodShareDtNt", "ExerciseMethodShareDtNt\ExerciseMethodShareDtNt.csproj", "{61B417D1-DBDE-4E99-88B0-D1A8968C3C15}"
EndProject
Project("{2150E333-8FDC-42A3-9474-1A3956D46DE8}") = "Solution Items", "Solution Items", "{5B5EA0BC-2510-4709-8332-71AC43F638D4}"
	ProjectSection(SolutionItems) = preProject
		.editorconfig = .editorconfig
	EndProjectSection
EndProject
Global
	GlobalSection(SolutionConfigurationPlatforms) = preSolution
		Debug|Any CPU = Debug|Any CPU
		Release|Any CPU = Release|Any CPU
	EndGlobalSection
	GlobalSection(ProjectConfigurationPlatforms) = postSolution
		{61B417D1-DBDE-4E99-88B0-D1A8968C3C15}.Debug|Any CPU.ActiveCfg = Debug|Any CPU
		{61B417D1-DBDE-4E99-88B0-D1A8968C3C15}.Debug|Any CPU.Build.0 = Debug|Any CPU
		{61B417D1-DBDE-4E99-88B0-D1A8968C3C15}.Release|Any CPU.ActiveCfg = Release|Any CPU
		{61B417D1-DBDE-4E99-88B0-D1A8968C3C15}.Release|Any CPU.Build.0 = Release|Any CPU
	EndGlobalSection
	GlobalSection(SolutionProperties) = preSolution
		HideSolutionNode = FALSE
	EndGlobalSection
	GlobalSection(ExtensibilityGlobals) = postSolution
		SolutionGuid = {A0046C9F-3813-4322-BB69-C11725BB81B8}
	EndGlobalSection
EndGlobal
